// !$*UTF8*$!
{
	archiveVersion = 1;
	classes = {
	};
	objectVersion = 50;
	objects = {

/* Begin PBXBuildFile section */
		391E040D244A851D004A05C1 /* AppDelegate.swift in Sources */ = {isa = PBXBuildFile; fileRef = 391E040C244A851D004A05C1 /* AppDelegate.swift */; };
		391E040F244A851D004A05C1 /* ContentView.swift in Sources */ = {isa = PBXBuildFile; fileRef = 391E040E244A851D004A05C1 /* ContentView.swift */; };
		391E0411244A8521004A05C1 /* Assets.xcassets in Resources */ = {isa = PBXBuildFile; fileRef = 391E0410244A8521004A05C1 /* Assets.xcassets */; };
		391E0414244A8521004A05C1 /* Preview Assets.xcassets in Resources */ = {isa = PBXBuildFile; fileRef = 391E0413244A8521004A05C1 /* Preview Assets.xcassets */; };
		391E0417244A8521004A05C1 /* Main.storyboard in Resources */ = {isa = PBXBuildFile; fileRef = 391E0415244A8521004A05C1 /* Main.storyboard */; };
/* End PBXBuildFile section */

/* Begin PBXFileReference section */
		391E0409244A851D004A05C1 /* Top Bar 2FA.app */ = {isa = PBXFileReference; explicitFileType = wrapper.application; includeInIndex = 0; path = "Top Bar 2FA.app"; sourceTree = BUILT_PRODUCTS_DIR; };
		391E040C244A851D004A05C1 /* AppDelegate.swift */ = {isa = PBXFileReference; lastKnownFileType = sourcecode.swift; path = AppDelegate.swift; sourceTree = "<group>"; };
		391E040E244A851D004A05C1 /* ContentView.swift */ = {isa = PBXFileReference; lastKnownFileType = sourcecode.swift; path = ContentView.swift; sourceTree = "<group>"; };
		391E0410244A8521004A05C1 /* Assets.xcassets */ = {isa = PBXFileReference; lastKnownFileType = folder.assetcatalog; path = Assets.xcassets; sourceTree = "<group>"; };
		391E0413244A8521004A05C1 /* Preview Assets.xcassets */ = {isa = PBXFileReference; lastKnownFileType = folder.assetcatalog; path = "Preview Assets.xcassets"; sourceTree = "<group>"; };
		391E0416244A8521004A05C1 /* Base */ = {isa = PBXFileReference; lastKnownFileType = file.storyboard; name = Base; path = Base.lproj/Main.storyboard; sourceTree = "<group>"; };
		391E0418244A8521004A05C1 /* Info.plist */ = {isa = PBXFileReference; lastKnownFileType = text.plist.xml; path = Info.plist; sourceTree = "<group>"; };
		391E0419244A8521004A05C1 /* Top_Bar_2FA.entitlements */ = {isa = PBXFileReference; lastKnownFileType = text.plist.entitlements; path = Top_Bar_2FA.entitlements; sourceTree = "<group>"; };
/* End PBXFileReference section */

/* Begin PBXFrameworksBuildPhase section */
		391E0406244A851D004A05C1 /* Frameworks */ = {
			isa = PBXFrameworksBuildPhase;
			buildActionMask = 2147483647;
			files = (
			);
			runOnlyForDeploymentPostprocessing = 0;
		};
/* End PBXFrameworksBuildPhase section */

/* Begin PBXGroup section */
		391E0400244A851D004A05C1 = {
			isa = PBXGroup;
			children = (
				391E040B244A851D004A05C1 /* Top Bar 2FA */,
				391E040A244A851D004A05C1 /* Products */,
			);
			sourceTree = "<group>";
		};
		391E040A244A851D004A05C1 /* Products */ = {
			isa = PBXGroup;
			children = (
				391E0409244A851D004A05C1 /* Top Bar 2FA.app */,
			);
			name = Products;
			sourceTree = "<group>";
		};
		391E040B244A851D004A05C1 /* Top Bar 2FA */ = {
			isa = PBXGroup;
			children = (
				391E040C244A851D004A05C1 /* AppDelegate.swift */,
				391E040E244A851D004A05C1 /* ContentView.swift */,
				391E0410244A8521004A05C1 /* Assets.xcassets */,
				391E0415244A8521004A05C1 /* Main.storyboard */,
				391E0418244A8521004A05C1 /* Info.plist */,
				391E0419244A8521004A05C1 /* Top_Bar_2FA.entitlements */,
				391E0412244A8521004A05C1 /* Preview Content */,
			);
			path = "Top Bar 2FA";
			sourceTree = "<group>";
		};
		391E0412244A8521004A05C1 /* Preview Content */ = {
			isa = PBXGroup;
			children = (
				391E0413244A8521004A05C1 /* Preview Assets.xcassets */,
			);
			path = "Preview Content";
			sourceTree = "<group>";
		};
/* End PBXGroup section */

/* Begin PBXNativeTarget section */
		391E0408244A851D004A05C1 /* Top Bar 2FA */ = {
			isa = PBXNativeTarget;
			buildConfigurationList = 391E041C244A8521004A05C1 /* Build configuration list for PBXNativeTarget "Top Bar 2FA" */;
			buildPhases = (
				391E0405244A851D004A05C1 /* Sources */,
				391E0406244A851D004A05C1 /* Frameworks */,
				391E0407244A851D004A05C1 /* Resources */,
			);
			buildRules = (
			);
			dependencies = (
			);
			name = "Top Bar 2FA";
			productName = "Top Bar 2FA";
			productReference = 391E0409244A851D004A05C1 /* Top Bar 2FA.app */;
			productType = "com.apple.product-type.application";
		};
/* End PBXNativeTarget section */

/* Begin PBXProject section */
		391E0401244A851D004A05C1 /* Project object */ = {
			isa = PBXProject;
			attributes = {
				LastSwiftUpdateCheck = 1140;
				LastUpgradeCheck = 1140;
				ORGANIZATIONNAME = "Scott Mangiapane";
				TargetAttributes = {
					391E0408244A851D004A05C1 = {
						CreatedOnToolsVersion = 11.4.1;
					};
				};
			};
			buildConfigurationList = 391E0404244A851D004A05C1 /* Build configuration list for PBXProject "Top Bar 2FA" */;
			compatibilityVersion = "Xcode 9.3";
			developmentRegion = en;
			hasScannedForEncodings = 0;
			knownRegions = (
				en,
				Base,
			);
			mainGroup = 391E0400244A851D004A05C1;
			productRefGroup = 391E040A244A851D004A05C1 /* Products */;
			projectDirPath = "";
			projectRoot = "";
			targets = (
				391E0408244A851D004A05C1 /* Top Bar 2FA */,
			);
		};
/* End PBXProject section */

/* Begin PBXResourcesBuildPhase section */
		391E0407244A851D004A05C1 /* Resources */ = {
			isa = PBXResourcesBuildPhase;
			buildActionMask = 2147483647;
			files = (
				391E0417244A8521004A05C1 /* Main.storyboard in Resources */,
				391E0414244A8521004A05C1 /* Preview Assets.xcassets in Resources */,
				391E0411244A8521004A05C1 /* Assets.xcassets in Resources */,
			);
			runOnlyForDeploymentPostprocessing = 0;
		};
/* End PBXResourcesBuildPhase section */

/* Begin PBXSourcesBuildPhase section */
		391E0405244A851D004A05C1 /* Sources */ = {
			isa = PBXSourcesBuildPhase;
			buildActionMask = 2147483647;
			files = (
				391E040F244A851D004A05C1 /* ContentView.swift in Sources */,
				391E040D244A851D004A05C1 /* AppDelegate.swift in Sources */,
			);
			runOnlyForDeploymentPostprocessing = 0;
		};
/* End PBXSourcesBuildPhase section */

/* Begin PBXVariantGroup section */
		391E0415244A8521004A05C1 /* Main.storyboard */ = {
			isa = PBXVariantGroup;
			children = (
				391E0416244A8521004A05C1 /* Base */,
			);
			name = Main.storyboard;
			sourceTree = "<group>";
		};
/* End PBXVariantGroup section */

/* Begin XCBuildConfiguration section */
		391E041A244A8521004A05C1 /* Debug */ = {
			isa = XCBuildConfiguration;
			buildSettings = {
				ALWAYS_SEARCH_USER_PATHS = NO;
				CLANG_ANALYZER_NONNULL = YES;
				CLANG_ANALYZER_NUMBER_OBJECT_CONVERSION = YES_AGGRESSIVE;
				CLANG_CXX_LANGUAGE_STANDARD = "gnu++14";
				CLANG_CXX_LIBRARY = "libc++";
				CLANG_ENABLE_MODULES = YES;
				CLANG_ENABLE_OBJC_ARC = YES;
				CLANG_ENABLE_OBJC_WEAK = YES;
				CLANG_WARN_BLOCK_CAPTURE_AUTORELEASING = YES;
				CLANG_WARN_BOOL_CONVERSION = YES;
				CLANG_WARN_COMMA = YES;
				CLANG_WARN_CONSTANT_CONVERSION = YES;
				CLANG_WARN_DEPRECATED_OBJC_IMPLEMENTATIONS = YES;
				CLANG_WARN_DIRECT_OBJC_ISA_USAGE = YES_ERROR;
				CLANG_WARN_DOCUMENTATION_COMMENTS = YES;
				CLANG_WARN_EMPTY_BODY = YES;
				CLANG_WARN_ENUM_CONVERSION = YES;
				CLANG_WARN_INFINITE_RECURSION = YES;
				CLANG_WARN_INT_CONVERSION = YES;
				CLANG_WARN_NON_LITERAL_NULL_CONVERSION = YES;
				CLANG_WARN_OBJC_IMPLICIT_RETAIN_SELF = YES;
				CLANG_WARN_OBJC_LITERAL_CONVERSION = YES;
				CLANG_WARN_OBJC_ROOT_CLASS = YES_ERROR;
				CLANG_WARN_RANGE_LOOP_ANALYSIS = YES;
				CLANG_WARN_STRICT_PROTOTYPES = YES;
				CLANG_WARN_SUSPICIOUS_MOVE = YES;
				CLANG_WARN_UNGUARDED_AVAILABILITY = YES_AGGRESSIVE;
				CLANG_WARN_UNREACHABLE_CODE = YES;
				CLANG_WARN__DUPLICATE_METHOD_MATCH = YES;
				COPY_PHASE_STRIP = NO;
				DEBUG_INFORMATION_FORMAT = dwarf;
				ENABLE_STRICT_OBJC_MSGSEND = YES;
				ENABLE_TESTABILITY = YES;
				GCC_C_LANGUAGE_STANDARD = gnu11;
				GCC_DYNAMIC_NO_PIC = NO;
				GCC_NO_COMMON_BLOCKS = YES;
				GCC_OPTIMIZATION_LEVEL = 0;
				GCC_PREPROCESSOR_DEFINITIONS = (
					"DEBUG=1",
					"$(inherited)",
				);
				GCC_WARN_64_TO_32_BIT_CONVERSION = YES;
				GCC_WARN_ABOUT_RETURN_TYPE = YES_ERROR;
				GCC_WARN_UNDECLARED_SELECTOR = YES;
				GCC_WARN_UNINITIALIZED_AUTOS = YES_AGGRESSIVE;
				GCC_WARN_UNUSED_FUNCTION = YES;
				GCC_WARN_UNUSED_VARIABLE = YES;
				MACOSX_DEPLOYMENT_TARGET = 10.15;
				MTL_ENABLE_DEBUG_INFO = INCLUDE_SOURCE;
				MTL_FAST_MATH = YES;
				ONLY_ACTIVE_ARCH = YES;
				SDKROOT = macosx;
				SWIFT_ACTIVE_COMPILATION_CONDITIONS = DEBUG;
				SWIFT_OPTIMIZATION_LEVEL = "-Onone";
			};
			name = Debug;
		};
		391E041B244A8521004A05C1 /* Release */ = {
			isa = XCBuildConfiguration;
			buildSettings = {
				ALWAYS_SEARCH_USER_PATHS = NO;
				CLANG_ANALYZER_NONNULL = YES;
				CLANG_ANALYZER_NUMBER_OBJECT_CONVERSION = YES_AGGRESSIVE;
				CLANG_CXX_LANGUAGE_STANDARD = "gnu++14";
				CLANG_CXX_LIBRARY = "libc++";
				CLANG_ENABLE_MODULES = YES;
				CLANG_ENABLE_OBJC_ARC = YES;
				CLANG_ENABLE_OBJC_WEAK = YES;
				CLANG_WARN_BLOCK_CAPTURE_AUTORELEASING = YES;
				CLANG_WARN_BOOL_CONVERSION = YES;
				CLANG_WARN_COMMA = YES;
				CLANG_WARN_CONSTANT_CONVERSION = YES;
				CLANG_WARN_DEPRECATED_OBJC_IMPLEMENTATIONS = YES;
				CLANG_WARN_DIRECT_OBJC_ISA_USAGE = YES_ERROR;
				CLANG_WARN_DOCUMENTATION_COMMENTS = YES;
				CLANG_WARN_EMPTY_BODY = YES;
				CLANG_WARN_ENUM_CONVERSION = YES;
				CLANG_WARN_INFINITE_RECURSION = YES;
				CLANG_WARN_INT_CONVERSION = YES;
				CLANG_WARN_NON_LITERAL_NULL_CONVERSION = YES;
				CLANG_WARN_OBJC_IMPLICIT_RETAIN_SELF = YES;
				CLANG_WARN_OBJC_LITERAL_CONVERSION = YES;
				CLANG_WARN_OBJC_ROOT_CLASS = YES_ERROR;
				CLANG_WARN_RANGE_LOOP_ANALYSIS = YES;
				CLANG_WARN_STRICT_PROTOTYPES = YES;
				CLANG_WARN_SUSPICIOUS_MOVE = YES;
				CLANG_WARN_UNGUARDED_AVAILABILITY = YES_AGGRESSIVE;
				CLANG_WARN_UNREACHABLE_CODE = YES;
				CLANG_WARN__DUPLICATE_METHOD_MATCH = YES;
				COPY_PHASE_STRIP = NO;
				DEBUG_INFORMATION_FORMAT = "dwarf-with-dsym";
				ENABLE_NS_ASSERTIONS = NO;
				ENABLE_STRICT_OBJC_MSGSEND = YES;
				GCC_C_LANGUAGE_STANDARD = gnu11;
				GCC_NO_COMMON_BLOCKS = YES;
				GCC_WARN_64_TO_32_BIT_CONVERSION = YES;
				GCC_WARN_ABOUT_RETURN_TYPE = YES_ERROR;
				GCC_WARN_UNDECLARED_SELECTOR = YES;
				GCC_WARN_UNINITIALIZED_AUTOS = YES_AGGRESSIVE;
				GCC_WARN_UNUSED_FUNCTION = YES;
				GCC_WARN_UNUSED_VARIABLE = YES;
				MACOSX_DEPLOYMENT_TARGET = 10.15;
				MTL_ENABLE_DEBUG_INFO = NO;
				MTL_FAST_MATH = YES;
				SDKROOT = macosx;
				SWIFT_COMPILATION_MODE = wholemodule;
				SWIFT_OPTIMIZATION_LEVEL = "-O";
			};
			name = Release;
		};
		391E041D244A8521004A05C1 /* Debug */ = {
			isa = XCBuildConfiguration;
			buildSettings = {
				ASSETCATALOG_COMPILER_APPICON_NAME = AppIcon;
				CODE_SIGN_ENTITLEMENTS = "Top Bar 2FA/Top_Bar_2FA.entitlements";
				CODE_SIGN_STYLE = Automatic;
				COMBINE_HIDPI_IMAGES = YES;
				DEVELOPMENT_ASSET_PATHS = "\"Top Bar 2FA/Preview Content\"";
				ENABLE_PREVIEWS = YES;
				INFOPLIST_FILE = "Top Bar 2FA/Info.plist";
				LD_RUNPATH_SEARCH_PATHS = (
					"$(inherited)",
					"@executable_path/../Frameworks",
				);
				MACOSX_DEPLOYMENT_TARGET = 10.15;
				PRODUCT_BUNDLE_IDENTIFIER = "com.scottmangiapane.Top-Bar-2FA";
				PRODUCT_NAME = "$(TARGET_NAME)";
				SWIFT_VERSION = 5.0;
			};
			name = Debug;
		};
		391E041E244A8521004A05C1 /* Release */ = {
			isa = XCBuildConfiguration;
			buildSettings = {
				ASSETCATALOG_COMPILER_APPICON_NAME = AppIcon;
				CODE_SIGN_ENTITLEMENTS = "Top Bar 2FA/Top_Bar_2FA.entitlements";
				CODE_SIGN_STYLE = Automatic;
				COMBINE_HIDPI_IMAGES = YES;
				DEVELOPMENT_ASSET_PATHS = "\"Top Bar 2FA/Preview Content\"";
				ENABLE_PREVIEWS = YES;
				INFOPLIST_FILE = "Top Bar 2FA/Info.plist";
				LD_RUNPATH_SEARCH_PATHS = (
					"$(inherited)",
					"@executable_path/../Frameworks",
				);
				MACOSX_DEPLOYMENT_TARGET = 10.15;
				PRODUCT_BUNDLE_IDENTIFIER = "com.scottmangiapane.Top-Bar-2FA";
				PRODUCT_NAME = "$(TARGET_NAME)";
				SWIFT_VERSION = 5.0;
			};
			name = Release;
		};
/* End XCBuildConfiguration section */

/* Begin XCConfigurationList section */
		391E0404244A851D004A05C1 /* Build configuration list for PBXProject "Top Bar 2FA" */ = {
			isa = XCConfigurationList;
			buildConfigurations = (
				391E041A244A8521004A05C1 /* Debug */,
				391E041B244A8521004A05C1 /* Release */,
			);
			defaultConfigurationIsVisible = 0;
			defaultConfigurationName = Release;
		};
		391E041C244A8521004A05C1 /* Build configuration list for PBXNativeTarget "Top Bar 2FA" */ = {
			isa = XCConfigurationList;
			buildConfigurations = (
				391E041D244A8521004A05C1 /* Debug */,
				391E041E244A8521004A05C1 /* Release */,
			);
			defaultConfigurationIsVisible = 0;
			defaultConfigurationName = Release;
		};
/* End XCConfigurationList section */
	};
	rootObject = 391E0401244A851D004A05C1 /* Project object */;
}
