{
  "originHash" : "eebed8003a008cf16321ff1cdd072466b58d374408693e51b6f245231f07d2a8",
  "pins" : [
    {
      "identity" : "keychainaccess",
      "kind" : "remoteSourceControl",
      "location" : "https://github.com/kishikawakatsumi/KeychainAccess",
      "state" : {
        "revision" : "84e546727d66f1adc5439debad16270d0fdd04e7",
        "version" : "4.2.2"
      }
    },
    {
      "identity" : "swift-asn1",
      "kind" : "remoteSourceControl",
      "location" : "https://github.com/apple/swift-asn1.git",
      "state" : {
        "revision" : "d9a5b37470adc940d22c3bcd5ca6953a516b727f",
        "version" : "1.7.2"
      }
    },
    {
      "identity" : "swift-crypto",
      "kind" : "remoteSourceControl",
      "location" : "https://github.com/apple/swift-crypto.git",
      "state" : {
        "revision" : "95ba0316a9b733e92bb6b071255ff46263bbe7dc",
        "version" : "3.15.1"
      }
    },
    {
      "identity" : "swiftotp",
      "kind" : "remoteSourceControl",
      "location" : "https://github.com/lachlanbell/SwiftOTP",
      "state" : {
        "revision" : "9660551ea3df153c3cbacfa34ac3abbec73a8b84",
        "version" : "3.0.2"
      }
    }
  ],
  "version" : 3
}
